{
  "name": "extendo",
  "version": "1.0.0",
  "lockfileVersion": 2,
  "requires": true,
  "packages": {
    "": {
      "name": "extendo",
      "version": "1.0.0",
      "license": "ISC",
      "dependencies": {
        "fetch-cookie": "^1.0.0",
        "json-2-csv": "^3.14.4",
        "node-fetch": "^3.0.0",
        "tough-cookie": "^4.0.0"
      }
    },
    "node_modules/data-uri-to-buffer": {
      "version": "3.0.1",
      "resolved": "https://registry.npmjs.org/data-uri-to-buffer/-/data-uri-to-buffer-3.0.1.tgz",
      "integrity": "sha512-WboRycPNsVw3B3TL559F7kuBUM4d8CgMEvk6xEJlOp7OBPjt6G7z8WMWlD2rOFZLk6OYfFIUGsCOWzcQH9K2og==",
      "engines": {
        "node": ">= 6"
      }
    },
    "node_modules/deeks": {
      "version": "2.5.1",
      "resolved": "https://registry.npmjs.org/deeks/-/deeks-2.5.1.tgz",
      "integrity": "sha512-fqrBeUz7f1UqaXDRzVB5RG2EfPk15HJRrb2pMZj8mLlSTtz4tRPsK5leFOskoHFPuyZ6+7aRM9j657fvXLkJ7Q==",
      "engines": {
        "node": ">= 12"
      }
    },
    "node_modules/doc-path": {
      "version": "3.0.2",
      "resolved": "https://registry.npmjs.org/doc-path/-/doc-path-3.0.2.tgz",
      "integrity": "sha512-VRlA2OKSjTbHWj6wmSanxJ338fE/YN8pqmZ0FIWK5JWkIJMFRc4KmD35JtOrnjvVG0WrzOtDDNHx1lN1tkb+lA==",
      "engines": {
        "node": ">=12"
      }
    },
    "node_modules/fetch-blob": {
      "version": "3.1.2",
      "resolved": "https://registry.npmjs.org/fetch-blob/-/fetch-blob-3.1.2.tgz",
      "integrity": "sha512-hunJbvy/6OLjCD0uuhLdp0mMPzP/yd2ssd1t2FCJsaA7wkWhpbp9xfuNVpv7Ll4jFhzp6T4LAupSiV9uOeg0VQ==",
      "funding": [
        {
          "type": "github",
          "url": "https://github.com/sponsors/jimmywarting"
        },
        {
          "type": "paypal",
          "url": "https://paypal.me/jimmywarting"
        }
      ],
      "dependencies": {
        "web-streams-polyfill": "^3.0.3"
      },
      "engines": {
        "node": "^12.20 || >= 14.13"
      }
    },
    "node_modules/fetch-cookie": {
      "version": "1.0.0",
      "resolved": "https://registry.npmjs.org/fetch-cookie/-/fetch-cookie-1.0.0.tgz",
      "integrity": "sha512-SWcAhkDe4yVBFtwRqJNmot6k1XjjzI7tw3aRHepxXrK6FQp6obBhqcnsdm2aNUzrtE71607crNAYodtKMq3TjA==",
      "dependencies": {
        "tough-cookie": "^2.3.3 || ^3.0.1 || ^4.0.0"
      },
      "engines": {
        "node": ">=8"
      }
    },
    "node_modules/json-2-csv": {
      "version": "3.14.4",
      "resolved": "https://registry.npmjs.org/json-2-csv/-/json-2-csv-3.14.4.tgz",
      "integrity": "sha512-6Dg4ZJb5g1Lu6gVM2jJGpu1WUo0/b3xS1b35+dXAWmYzlu2AqTXSFrUzA3l5/aYptjhoiGxCN7CZbxBwrUmhig==",
      "dependencies": {
        "deeks": "2.5.1",
        "doc-path": "3.0.2"
      },
      "engines": {
        "node": ">= 12"
      }
    },
    "node_modules/node-fetch": {
      "version": "3.0.0",
      "resolved": "https://registry.npmjs.org/node-fetch/-/node-fetch-3.0.0.tgz",
      "integrity": "sha512-bKMI+C7/T/SPU1lKnbQbwxptpCrG9ashG+VkytmXCPZyuM9jB6VU+hY0oi4lC8LxTtAeWdckNCTa3nrGsAdA3Q==",
      "dependencies": {
        "data-uri-to-buffer": "^3.0.1",
        "fetch-blob": "^3.1.2"
      },
      "engines": {
        "node": "^12.20.0 || ^14.13.1 || >=16.0.0"
      },
      "funding": {
        "type": "opencollective",
        "url": "https://opencollective.com/node-fetch"
      }
    },
    "node_modules/psl": {
      "version": "1.8.0",
      "resolved": "https://registry.npmjs.org/psl/-/psl-1.8.0.tgz",
      "integrity": "sha512-RIdOzyoavK+hA18OGGWDqUTsCLhtA7IcZ/6NCs4fFJaHBDab+pDDmDIByWFRQJq2Cd7r1OoQxBGKOaztq+hjIQ=="
    },
    "node_modules/punycode": {
      "version": "2.1.1",
      "resolved": "https://registry.npmjs.org/punycode/-/punycode-2.1.1.tgz",
      "integrity": "sha512-XRsRjdf+j5ml+y/6GKHPZbrF/8p2Yga0JPtdqTIY2Xe5ohJPD9saDJJLPvp9+NSBprVvevdXZybnj2cv8OEd0A==",
      "engines": {
        "node": ">=6"
      }
    },
    "node_modules/tough-cookie": {
      "version": "4.0.0",
      "resolved": "https://registry.npmjs.org/tough-cookie/-/tough-cookie-4.0.0.tgz",
      "integrity": "sha512-tHdtEpQCMrc1YLrMaqXXcj6AxhYi/xgit6mZu1+EDWUn+qhUf8wMQoFIy9NXuq23zAwtcB0t/MjACGR18pcRbg==",
      "dependencies": {
        "psl": "^1.1.33",
        "punycode": "^2.1.1",
        "universalify": "^0.1.2"
      },
      "engines": {
        "node": ">=6"
      }
    },
    "node_modules/universalify": {
      "version": "0.1.2",
      "resolved": "https://registry.npmjs.org/universalify/-/universalify-0.1.2.tgz",
      "integrity": "sha512-rBJeI5CXAlmy1pV+617WB9J63U6XcazHHF2f2dbJix4XzpUF0RS3Zbj0FGIOCAva5P/d/GBOYaACQ1w+0azUkg==",
      "engines": {
        "node": ">= 4.0.0"
      }
    },
    "node_modules/web-streams-polyfill": {
      "version": "3.1.1",
      "resolved": "https://registry.npmjs.org/web-streams-polyfill/-/web-streams-polyfill-3.1.1.tgz",
      "integrity": "sha512-Czi3fG883e96T4DLEPRvufrF2ydhOOW1+1a6c3gNjH2aIh50DNFBdfwh2AKoOf1rXvpvavAoA11Qdq9+BKjE0Q==",
      "engines": {
        "node": ">= 8"
      }
    }
  },
  "dependencies": {
    "data-uri-to-buffer": {
      "version": "3.0.1",
      "resolved": "https://registry.npmjs.org/data-uri-to-buffer/-/data-uri-to-buffer-3.0.1.tgz",
      "integrity": "sha512-WboRycPNsVw3B3TL559F7kuBUM4d8CgMEvk6xEJlOp7OBPjt6G7z8WMWlD2rOFZLk6OYfFIUGsCOWzcQH9K2og=="
    },
    "deeks": {
      "version": "2.5.1",
      "resolved": "https://registry.npmjs.org/deeks/-/deeks-2.5.1.tgz",
      "integrity": "sha512-fqrBeUz7f1UqaXDRzVB5RG2EfPk15HJRrb2pMZj8mLlSTtz4tRPsK5leFOskoHFPuyZ6+7aRM9j657fvXLkJ7Q=="
    },
    "doc-path": {
      "version": "3.0.2",
      "resolved": "https://registry.npmjs.org/doc-path/-/doc-path-3.0.2.tgz",
      "integrity": "sha512-VRlA2OKSjTbHWj6wmSanxJ338fE/YN8pqmZ0FIWK5JWkIJMFRc4KmD35JtOrnjvVG0WrzOtDDNHx1lN1tkb+lA=="
    },
    "fetch-blob": {
      "version": "3.1.2",
      "resolved": "https://registry.npmjs.org/fetch-blob/-/fetch-blob-3.1.2.tgz",
      "integrity": "sha512-hunJbvy/6OLjCD0uuhLdp0mMPzP/yd2ssd1t2FCJsaA7wkWhpbp9xfuNVpv7Ll4jFhzp6T4LAupSiV9uOeg0VQ==",
      "requires": {
        "web-streams-polyfill": "^3.0.3"
      }
    },
    "fetch-cookie": {
      "version": "1.0.0",
      "resolved": "https://registry.npmjs.org/fetch-cookie/-/fetch-cookie-1.0.0.tgz",
      "integrity": "sha512-SWcAhkDe4yVBFtwRqJNmot6k1XjjzI7tw3aRHepxXrK6FQp6obBhqcnsdm2aNUzrtE71607crNAYodtKMq3TjA==",
      "requires": {
        "tough-cookie": "^2.3.3 || ^3.0.1 || ^4.0.0"
      }
    },
    "json-2-csv": {
      "version": "3.14.4",
      "resolved": "https://registry.npmjs.org/json-2-csv/-/json-2-csv-3.14.4.tgz",
      "integrity": "sha512-6Dg4ZJb5g1Lu6gVM2jJGpu1WUo0/b3xS1b35+dXAWmYzlu2AqTXSFrUzA3l5/aYptjhoiGxCN7CZbxBwrUmhig==",
      "requires": {
        "deeks": "2.5.1",
        "doc-path": "3.0.2"
      }
    },
    "node-fetch": {
      "version": "3.0.0",
      "resolved": "https://registry.npmjs.org/node-fetch/-/node-fetch-3.0.0.tgz",
      "integrity": "sha512-bKMI+C7/T/SPU1lKnbQbwxptpCrG9ashG+VkytmXCPZyuM9jB6VU+hY0oi4lC8LxTtAeWdckNCTa3nrGsAdA3Q==",
      "requires": {
        "data-uri-to-buffer": "^3.0.1",
        "fetch-blob": "^3.1.2"
      }
    },
    "psl": {
      "version": "1.8.0",
      "resolved": "https://registry.npmjs.org/psl/-/psl-1.8.0.tgz",
      "integrity": "sha512-RIdOzyoavK+hA18OGGWDqUTsCLhtA7IcZ/6NCs4fFJaHBDab+pDDmDIByWFRQJq2Cd7r1OoQxBGKOaztq+hjIQ=="
    },
    "punycode": {
      "version": "2.1.1",
      "resolved": "https://registry.npmjs.org/punycode/-/punycode-2.1.1.tgz",
      "integrity": "sha512-XRsRjdf+j5ml+y/6GKHPZbrF/8p2Yga0JPtdqTIY2Xe5ohJPD9saDJJLPvp9+NSBprVvevdXZybnj2cv8OEd0A=="
    },
    "tough-cookie": {
      "version": "4.0.0",
      "resolved": "https://registry.npmjs.org/tough-cookie/-/tough-cookie-4.0.0.tgz",
      "integrity": "sha512-tHdtEpQCMrc1YLrMaqXXcj6AxhYi/xgit6mZu1+EDWUn+qhUf8wMQoFIy9NXuq23zAwtcB0t/MjACGR18pcRbg==",
      "requires": {
        "psl": "^1.1.33",
        "punycode": "^2.1.1",
        "universalify": "^0.1.2"
      }
    },
    "universalify": {
      "version": "0.1.2",
      "resolved": "https://registry.npmjs.org/universalify/-/universalify-0.1.2.tgz",
      "integrity": "sha512-rBJeI5CXAlmy1pV+617WB9J63U6XcazHHF2f2dbJix4XzpUF0RS3Zbj0FGIOCAva5P/d/GBOYaACQ1w+0azUkg=="
    },
    "web-streams-polyfill": {
      "version": "3.1.1",
      "resolved": "https://registry.npmjs.org/web-streams-polyfill/-/web-streams-polyfill-3.1.1.tgz",
      "integrity": "sha512-Czi3fG883e96T4DLEPRvufrF2ydhOOW1+1a6c3gNjH2aIh50DNFBdfwh2AKoOf1rXvpvavAoA11Qdq9+BKjE0Q=="
    }
  }
}
